// !$*UTF8*$!
{
	archiveVersion = 1;
	classes = {
	};
	objectVersion = 46;
	objects = {

/* Begin PBXBuildFile section */
		A21925681C6C308B00C9E937 /* Itinerary.swift in Sources */ = {isa = PBXBuildFile; fileRef = A21925671C6C308B00C9E937 /* Itinerary.swift */; };
		A219256A1C6C3E2000C9E937 /* ItineraryStopTableViewCell.swift in Sources */ = {isa = PBXBuildFile; fileRef = A21925691C6C3E2000C9E937 /* ItineraryStopTableViewCell.swift */; };
		A219256C1C6C3F1A00C9E937 /* ItineraryStopTableViewController.swift in Sources */ = {isa = PBXBuildFile; fileRef = A219256B1C6C3F1A00C9E937 /* ItineraryStopTableViewController.swift */; };
		A22EE54C1C683E1300DEBAD8 /* segmentedViewController.swift in Sources */ = {isa = PBXBuildFile; fileRef = A22EE54B1C683E1300DEBAD8 /* segmentedViewController.swift */; };
		F72042181C5D0E4B0099747C /* LocationDetailViewController.swift in Sources */ = {isa = PBXBuildFile; fileRef = F72042171C5D0E4B0099747C /* LocationDetailViewController.swift */; };
		F720421B1C5D15200099747C /* Main.storyboard in Resources */ = {isa = PBXBuildFile; fileRef = F72042191C5D15200099747C /* Main.storyboard */; };
		F75638211C727F7400599EB2 /* ItinerariesViewModel.swift in Sources */ = {isa = PBXBuildFile; fileRef = F75638201C727F7400599EB2 /* ItinerariesViewModel.swift */; };
		F764BFDF1C7234620013F473 /* ItineraryBuilderTabViewController.swift in Sources */ = {isa = PBXBuildFile; fileRef = F764BFDE1C7234620013F473 /* ItineraryBuilderTabViewController.swift */; };
		F795E2C41C5C4C0E00843632 /* AppDelegate.swift in Sources */ = {isa = PBXBuildFile; fileRef = F795E2C31C5C4C0E00843632 /* AppDelegate.swift */; };
		F795E2CB1C5C4C0E00843632 /* Assets.xcassets in Resources */ = {isa = PBXBuildFile; fileRef = F795E2CA1C5C4C0E00843632 /* Assets.xcassets */; };
		F795E2CE1C5C4C0E00843632 /* LaunchScreen.storyboard in Resources */ = {isa = PBXBuildFile; fileRef = F795E2CC1C5C4C0E00843632 /* LaunchScreen.storyboard */; };
		F795E2D61C5C4CF900843632 /* LocationTableViewCell.swift in Sources */ = {isa = PBXBuildFile; fileRef = F795E2D51C5C4CF900843632 /* LocationTableViewCell.swift */; };
		F795E2D81C5C530900843632 /* LocationTableViewController.swift in Sources */ = {isa = PBXBuildFile; fileRef = F795E2D71C5C530900843632 /* LocationTableViewController.swift */; };
		F795E2DA1C5C535900843632 /* Location.swift in Sources */ = {isa = PBXBuildFile; fileRef = F795E2D91C5C535900843632 /* Location.swift */; };
		F7A682491C6D1D8D000D1C45 /* ItineraryListTableViewController.swift in Sources */ = {isa = PBXBuildFile; fileRef = F7A682481C6D1D8D000D1C45 /* ItineraryListTableViewController.swift */; };
		F7A6824B1C6D1DCA000D1C45 /* ItineraryTableViewCell.swift in Sources */ = {isa = PBXBuildFile; fileRef = F7A6824A1C6D1DCA000D1C45 /* ItineraryTableViewCell.swift */; };
/* End PBXBuildFile section */

/* Begin PBXFileReference section */
		A21925671C6C308B00C9E937 /* Itinerary.swift */ = {isa = PBXFileReference; fileEncoding = 4; lastKnownFileType = sourcecode.swift; path = Itinerary.swift; sourceTree = "<group>"; };
		A21925691C6C3E2000C9E937 /* ItineraryStopTableViewCell.swift */ = {isa = PBXFileReference; fileEncoding = 4; lastKnownFileType = sourcecode.swift; path = ItineraryStopTableViewCell.swift; sourceTree = "<group>"; };
		A219256B1C6C3F1A00C9E937 /* ItineraryStopTableViewController.swift */ = {isa = PBXFileReference; fileEncoding = 4; lastKnownFileType = sourcecode.swift; path = ItineraryStopTableViewController.swift; sourceTree = "<group>"; };
		A22EE54B1C683E1300DEBAD8 /* segmentedViewController.swift */ = {isa = PBXFileReference; fileEncoding = 4; lastKnownFileType = sourcecode.swift; path = segmentedViewController.swift; sourceTree = "<group>"; };
		F72042171C5D0E4B0099747C /* LocationDetailViewController.swift */ = {isa = PBXFileReference; fileEncoding = 4; lastKnownFileType = sourcecode.swift; path = LocationDetailViewController.swift; sourceTree = "<group>"; };
		F720421A1C5D15200099747C /* Base */ = {isa = PBXFileReference; lastKnownFileType = file.storyboard; name = Base; path = Base.lproj/Main.storyboard; sourceTree = "<group>"; };
		F75638201C727F7400599EB2 /* ItinerariesViewModel.swift */ = {isa = PBXFileReference; fileEncoding = 4; lastKnownFileType = sourcecode.swift; path = ItinerariesViewModel.swift; sourceTree = "<group>"; };
		F764BFDE1C7234620013F473 /* ItineraryBuilderTabViewController.swift */ = {isa = PBXFileReference; fileEncoding = 4; lastKnownFileType = sourcecode.swift; path = ItineraryBuilderTabViewController.swift; sourceTree = "<group>"; };
		F795E2C01C5C4C0E00843632 /* FreedomTrailApp.app */ = {isa = PBXFileReference; explicitFileType = wrapper.application; includeInIndex = 0; path = FreedomTrailApp.app; sourceTree = BUILT_PRODUCTS_DIR; };
		F795E2C31C5C4C0E00843632 /* AppDelegate.swift */ = {isa = PBXFileReference; lastKnownFileType = sourcecode.swift; path = AppDelegate.swift; sourceTree = "<group>"; };
		F795E2CA1C5C4C0E00843632 /* Assets.xcassets */ = {isa = PBXFileReference; lastKnownFileType = folder.assetcatalog; path = Assets.xcassets; sourceTree = "<group>"; };
		F795E2CD1C5C4C0E00843632 /* Base */ = {isa = PBXFileReference; lastKnownFileType = file.storyboard; name = Base; path = Base.lproj/LaunchScreen.storyboard; sourceTree = "<group>"; };
		F795E2CF1C5C4C0E00843632 /* Info.plist */ = {isa = PBXFileReference; lastKnownFileType = text.plist.xml; path = Info.plist; sourceTree = "<group>"; };
		F795E2D51C5C4CF900843632 /* LocationTableViewCell.swift */ = {isa = PBXFileReference; fileEncoding = 4; lastKnownFileType = sourcecode.swift; path = LocationTableViewCell.swift; sourceTree = "<group>"; };
		F795E2D71C5C530900843632 /* LocationTableViewController.swift */ = {isa = PBXFileReference; fileEncoding = 4; lastKnownFileType = sourcecode.swift; path = LocationTableViewController.swift; sourceTree = "<group>"; };
		F795E2D91C5C535900843632 /* Location.swift */ = {isa = PBXFileReference; fileEncoding = 4; lastKnownFileType = sourcecode.swift; path = Location.swift; sourceTree = "<group>"; };
		F7A682481C6D1D8D000D1C45 /* ItineraryListTableViewController.swift */ = {isa = PBXFileReference; fileEncoding = 4; lastKnownFileType = sourcecode.swift; path = ItineraryListTableViewController.swift; sourceTree = "<group>"; };
		F7A6824A1C6D1DCA000D1C45 /* ItineraryTableViewCell.swift */ = {isa = PBXFileReference; fileEncoding = 4; lastKnownFileType = sourcecode.swift; path = ItineraryTableViewCell.swift; sourceTree = "<group>"; };
/* End PBXFileReference section */

/* Begin PBXFrameworksBuildPhase section */
		F795E2BD1C5C4C0E00843632 /* Frameworks */ = {
			isa = PBXFrameworksBuildPhase;
			buildActionMask = 2147483647;
			files = (
			);
			runOnlyForDeploymentPostprocessing = 0;
		};
/* End PBXFrameworksBuildPhase section */

/* Begin PBXGroup section */
		F795E2B71C5C4C0E00843632 = {
			isa = PBXGroup;
			children = (
				F795E2C21C5C4C0E00843632 /* FreedomTrailApp */,
				F795E2C11C5C4C0E00843632 /* Products */,
			);
			sourceTree = "<group>";
		};
		F795E2C11C5C4C0E00843632 /* Products */ = {
			isa = PBXGroup;
			children = (
				F795E2C01C5C4C0E00843632 /* FreedomTrailApp.app */,
			);
			name = Products;
			sourceTree = "<group>";
		};
		F795E2C21C5C4C0E00843632 /* FreedomTrailApp */ = {
			isa = PBXGroup;
			children = (
				F795E2D71C5C530900843632 /* LocationTableViewController.swift */,
				A219256B1C6C3F1A00C9E937 /* ItineraryStopTableViewController.swift */,
				F764BFDE1C7234620013F473 /* ItineraryBuilderTabViewController.swift */,
				A22EE54B1C683E1300DEBAD8 /* segmentedViewController.swift */,
				F7A682481C6D1D8D000D1C45 /* ItineraryListTableViewController.swift */,
				F795E2C31C5C4C0E00843632 /* AppDelegate.swift */,
				F795E2D51C5C4CF900843632 /* LocationTableViewCell.swift */,
				F72042191C5D15200099747C /* Main.storyboard */,
				F72042171C5D0E4B0099747C /* LocationDetailViewController.swift */,
				F7A6824A1C6D1DCA000D1C45 /* ItineraryTableViewCell.swift */,
				A21925691C6C3E2000C9E937 /* ItineraryStopTableViewCell.swift */,
				F75638201C727F7400599EB2 /* ItinerariesViewModel.swift */,
				A21925671C6C308B00C9E937 /* Itinerary.swift */,
				F795E2D91C5C535900843632 /* Location.swift */,
				F795E2CA1C5C4C0E00843632 /* Assets.xcassets */,
				F795E2CC1C5C4C0E00843632 /* LaunchScreen.storyboard */,
				F795E2CF1C5C4C0E00843632 /* Info.plist */,
			);
			path = FreedomTrailApp;
			sourceTree = "<group>";
		};
/* End PBXGroup section */

/* Begin PBXNativeTarget section */
		F795E2BF1C5C4C0E00843632 /* FreedomTrailApp */ = {
			isa = PBXNativeTarget;
			buildConfigurationList = F795E2D21C5C4C0E00843632 /* Build configuration list for PBXNativeTarget "FreedomTrailApp" */;
			buildPhases = (
				F795E2BC1C5C4C0E00843632 /* Sources */,
				F795E2BD1C5C4C0E00843632 /* Frameworks */,
				F795E2BE1C5C4C0E00843632 /* Resources */,
			);
			buildRules = (
			);
			dependencies = (
			);
			name = FreedomTrailApp;
			productName = FreedomTrailApp;
			productReference = F795E2C01C5C4C0E00843632 /* FreedomTrailApp.app */;
			productType = "com.apple.product-type.application";
		};
/* End PBXNativeTarget section */

/* Begin PBXProject section */
		F795E2B81C5C4C0E00843632 /* Project object */ = {
			isa = PBXProject;
			attributes = {
				LastSwiftUpdateCheck = 0720;
				LastUpgradeCheck = 0720;
				ORGANIZATIONNAME = "Sam Mailand";
				TargetAttributes = {
					F795E2BF1C5C4C0E00843632 = {
						CreatedOnToolsVersion = 7.2;
						DevelopmentTeam = CR8GZTEH8U;
					};
				};
			};
			buildConfigurationList = F795E2BB1C5C4C0E00843632 /* Build configuration list for PBXProject "FreedomTrailApp" */;
			compatibilityVersion = "Xcode 3.2";
			developmentRegion = English;
			hasScannedForEncodings = 0;
			knownRegions = (
				en,
				Base,
			);
			mainGroup = F795E2B71C5C4C0E00843632;
			productRefGroup = F795E2C11C5C4C0E00843632 /* Products */;
			projectDirPath = "";
			projectRoot = "";
			targets = (
				F795E2BF1C5C4C0E00843632 /* FreedomTrailApp */,
			);
		};
/* End PBXProject section */

/* Begin PBXResourcesBuildPhase section */
		F795E2BE1C5C4C0E00843632 /* Resources */ = {
			isa = PBXResourcesBuildPhase;
			buildActionMask = 2147483647;
			files = (
				F720421B1C5D15200099747C /* Main.storyboard in Resources */,
				F795E2CE1C5C4C0E00843632 /* LaunchScreen.storyboard in Resources */,
				F795E2CB1C5C4C0E00843632 /* Assets.xcassets in Resources */,
			);
			runOnlyForDeploymentPostprocessing = 0;
		};
/* End PBXResourcesBuildPhase section */

/* Begin PBXSourcesBuildPhase section */
		F795E2BC1C5C4C0E00843632 /* Sources */ = {
			isa = PBXSourcesBuildPhase;
			buildActionMask = 2147483647;
			files = (
				F72042181C5D0E4B0099747C /* LocationDetailViewController.swift in Sources */,
				F795E2D81C5C530900843632 /* LocationTableViewController.swift in Sources */,
				F795E2D61C5C4CF900843632 /* LocationTableViewCell.swift in Sources */,
				F75638211C727F7400599EB2 /* ItinerariesViewModel.swift in Sources */,
				A22EE54C1C683E1300DEBAD8 /* segmentedViewController.swift in Sources */,
				F795E2DA1C5C535900843632 /* Location.swift in Sources */,
				A21925681C6C308B00C9E937 /* Itinerary.swift in Sources */,
				A219256A1C6C3E2000C9E937 /* ItineraryStopTableViewCell.swift in Sources */,
				A219256C1C6C3F1A00C9E937 /* ItineraryStopTableViewController.swift in Sources */,
				F7A6824B1C6D1DCA000D1C45 /* ItineraryTableViewCell.swift in Sources */,
				F795E2C41C5C4C0E00843632 /* AppDelegate.swift in Sources */,
				F764BFDF1C7234620013F473 /* ItineraryBuilderTabViewController.swift in Sources */,
				F7A682491C6D1D8D000D1C45 /* ItineraryListTableViewController.swift in Sources */,
			);
			runOnlyForDeploymentPostprocessing = 0;
		};
/* End PBXSourcesBuildPhase section */

/* Begin PBXVariantGroup section */
		F72042191C5D15200099747C /* Main.storyboard */ = {
			isa = PBXVariantGroup;
			children = (
				F720421A1C5D15200099747C /* Base */,
			);
			name = Main.storyboard;
			sourceTree = "<group>";
		};
		F795E2CC1C5C4C0E00843632 /* LaunchScreen.storyboard */ = {
			isa = PBXVariantGroup;
			children = (
				F795E2CD1C5C4C0E00843632 /* Base */,
			);
			name = LaunchScreen.storyboard;
			sourceTree = "<group>";
		};
/* End PBXVariantGroup section */

/* Begin XCBuildConfiguration section */
		F795E2D01C5C4C0E00843632 /* Debug */ = {
			isa = XCBuildConfiguration;
			buildSettings = {
				ALWAYS_SEARCH_USER_PATHS = NO;
				CLANG_CXX_LANGUAGE_STANDARD = "gnu++0x";
				CLANG_CXX_LIBRARY = "libc++";
				CLANG_ENABLE_MODULES = YES;
				CLANG_ENABLE_OBJC_ARC = YES;
				CLANG_WARN_BOOL_CONVERSION = YES;
				CLANG_WARN_CONSTANT_CONVERSION = YES;
				CLANG_WARN_DIRECT_OBJC_ISA_USAGE = YES_ERROR;
				CLANG_WARN_EMPTY_BODY = YES;
				CLANG_WARN_ENUM_CONVERSION = YES;
				CLANG_WARN_INT_CONVERSION = YES;
				CLANG_WARN_OBJC_ROOT_CLASS = YES_ERROR;
				CLANG_WARN_UNREACHABLE_CODE = YES;
				CLANG_WARN__DUPLICATE_METHOD_MATCH = YES;
				"CODE_SIGN_IDENTITY[sdk=iphoneos*]" = "iPhone Developer";
				COPY_PHASE_STRIP = NO;
				DEBUG_INFORMATION_FORMAT = dwarf;
				ENABLE_STRICT_OBJC_MSGSEND = YES;
				ENABLE_TESTABILITY = YES;
				GCC_C_LANGUAGE_STANDARD = gnu99;
				GCC_DYNAMIC_NO_PIC = NO;
				GCC_NO_COMMON_BLOCKS = YES;
				GCC_OPTIMIZATION_LEVEL = 0;
				GCC_PREPROCESSOR_DEFINITIONS = (
					"DEBUG=1",
					"$(inherited)",
				);
				GCC_WARN_64_TO_32_BIT_CONVERSION = YES;
				GCC_WARN_ABOUT_RETURN_TYPE = YES_ERROR;
				GCC_WARN_UNDECLARED_SELECTOR = YES;
				GCC_WARN_UNINITIALIZED_AUTOS = YES_AGGRESSIVE;
				GCC_WARN_UNUSED_FUNCTION = YES;
				GCC_WARN_UNUSED_VARIABLE = YES;
				IPHONEOS_DEPLOYMENT_TARGET = 9.2;
				MTL_ENABLE_DEBUG_INFO = YES;
				ONLY_ACTIVE_ARCH = YES;
				SDKROOT = iphoneos;
				SWIFT_OPTIMIZATION_LEVEL = "-Onone";
			};
			name = Debug;
		};
		F795E2D11C5C4C0E00843632 /* Release */ = {
			isa = XCBuildConfiguration;
			buildSettings = {
				ALWAYS_SEARCH_USER_PATHS = NO;
				CLANG_CXX_LANGUAGE_STANDARD = "gnu++0x";
				CLANG_CXX_LIBRARY = "libc++";
				CLANG_ENABLE_MODULES = YES;
				CLANG_ENABLE_OBJC_ARC = YES;
				CLANG_WARN_BOOL_CONVERSION = YES;
				CLANG_WARN_CONSTANT_CONVERSION = YES;
				CLANG_WARN_DIRECT_OBJC_ISA_USAGE = YES_ERROR;
				CLANG_WARN_EMPTY_BODY = YES;
				CLANG_WARN_ENUM_CONVERSION = YES;
				CLANG_WARN_INT_CONVERSION = YES;
				CLANG_WARN_OBJC_ROOT_CLASS = YES_ERROR;
				CLANG_WARN_UNREACHABLE_CODE = YES;
				CLANG_WARN__DUPLICATE_METHOD_MATCH = YES;
				"CODE_SIGN_IDENTITY[sdk=iphoneos*]" = "iPhone Developer";
				COPY_PHASE_STRIP = NO;
				DEBUG_INFORMATION_FORMAT = "dwarf-with-dsym";
				ENABLE_NS_ASSERTIONS = NO;
				ENABLE_STRICT_OBJC_MSGSEND = YES;
				GCC_C_LANGUAGE_STANDARD = gnu99;
				GCC_NO_COMMON_BLOCKS = YES;
				GCC_WARN_64_TO_32_BIT_CONVERSION = YES;
				GCC_WARN_ABOUT_RETURN_TYPE = YES_ERROR;
				GCC_WARN_UNDECLARED_SELECTOR = YES;
				GCC_WARN_UNINITIALIZED_AUTOS = YES_AGGRESSIVE;
				GCC_WARN_UNUSED_FUNCTION = YES;
				GCC_WARN_UNUSED_VARIABLE = YES;
				IPHONEOS_DEPLOYMENT_TARGET = 9.2;
				MTL_ENABLE_DEBUG_INFO = NO;
				SDKROOT = iphoneos;
				VALIDATE_PRODUCT = YES;
			};
			name = Release;
		};
		F795E2D31C5C4C0E00843632 /* Debug */ = {
			isa = XCBuildConfiguration;
			buildSettings = {
				ASSETCATALOG_COMPILER_APPICON_NAME = AppIcon;
				CODE_SIGN_IDENTITY = "iPhone Developer";
				"CODE_SIGN_IDENTITY[sdk=iphoneos*]" = "iPhone Developer";
				INFOPLIST_FILE = FreedomTrailApp/Info.plist;
				IPHONEOS_DEPLOYMENT_TARGET = 8.0;
				LD_RUNPATH_SEARCH_PATHS = "$(inherited) @executable_path/Frameworks";
				PRODUCT_BUNDLE_IDENTIFIER = smailand.FreedomTrailApp;
				PRODUCT_NAME = "$(TARGET_NAME)";
				PROVISIONING_PROFILE = "";
			};
			name = Debug;
		};
		F795E2D41C5C4C0E00843632 /* Release */ = {
			isa = XCBuildConfiguration;
			buildSettings = {
				ASSETCATALOG_COMPILER_APPICON_NAME = AppIcon;
				CODE_SIGN_IDENTITY = "iPhone Developer";
				"CODE_SIGN_IDENTITY[sdk=iphoneos*]" = "iPhone Developer";
				INFOPLIST_FILE = FreedomTrailApp/Info.plist;
				IPHONEOS_DEPLOYMENT_TARGET = 8.0;
				LD_RUNPATH_SEARCH_PATHS = "$(inherited) @executable_path/Frameworks";
				PRODUCT_BUNDLE_IDENTIFIER = smailand.FreedomTrailApp;
				PRODUCT_NAME = "$(TARGET_NAME)";
				PROVISIONING_PROFILE = "";
			};
			name = Release;
		};
/* End XCBuildConfiguration section */

/* Begin XCConfigurationList section */
		F795E2BB1C5C4C0E00843632 /* Build configuration list for PBXProject "FreedomTrailApp" */ = {
			isa = XCConfigurationList;
			buildConfigurations = (
				F795E2D01C5C4C0E00843632 /* Debug */,
				F795E2D11C5C4C0E00843632 /* Release */,
			);
			defaultConfigurationIsVisible = 0;
			defaultConfigurationName = Release;
		};
		F795E2D21C5C4C0E00843632 /* Build configuration list for PBXNativeTarget "FreedomTrailApp" */ = {
			isa = XCConfigurationList;
			buildConfigurations = (
				F795E2D31C5C4C0E00843632 /* Debug */,
				F795E2D41C5C4C0E00843632 /* Release */,
			);
			defaultConfigurationIsVisible = 0;
			defaultConfigurationName = Release;
		};
/* End XCConfigurationList section */
	};
	rootObject = F795E2B81C5C4C0E00843632 /* Project object */;
}
