// !$*UTF8*$!
{
	archiveVersion = 1;
	classes = {
	};
	objectVersion = 46;
	objects = {

/* Begin PBXBuildFile section */
		F77EC4EF1C50067800E88B2C /* AppDelegate.swift in Sources */ = {isa = PBXBuildFile; fileRef = F77EC4EE1C50067800E88B2C /* AppDelegate.swift */; };
		F77EC4F11C50067800E88B2C /* ViewController.swift in Sources */ = {isa = PBXBuildFile; fileRef = F77EC4F01C50067800E88B2C /* ViewController.swift */; };
		F77EC4F41C50067800E88B2C /* Main.storyboard in Resources */ = {isa = PBXBuildFile; fileRef = F77EC4F21C50067800E88B2C /* Main.storyboard */; };
		F77EC4F61C50067800E88B2C /* Assets.xcassets in Resources */ = {isa = PBXBuildFile; fileRef = F77EC4F51C50067800E88B2C /* Assets.xcassets */; };
		F77EC4F91C50067800E88B2C /* LaunchScreen.storyboard in Resources */ = {isa = PBXBuildFile; fileRef = F77EC4F71C50067800E88B2C /* LaunchScreen.storyboard */; };
/* End PBXBuildFile section */

/* Begin PBXFileReference section */
		F77EC4EB1C50067800E88B2C /* FreedomTrailApp.app */ = {isa = PBXFileReference; explicitFileType = wrapper.application; includeInIndex = 0; path = FreedomTrailApp.app; sourceTree = BUILT_PRODUCTS_DIR; };
		F77EC4EE1C50067800E88B2C /* AppDelegate.swift */ = {isa = PBXFileReference; lastKnownFileType = sourcecode.swift; path = AppDelegate.swift; sourceTree = "<group>"; };
		F77EC4F01C50067800E88B2C /* ViewController.swift */ = {isa = PBXFileReference; lastKnownFileType = sourcecode.swift; path = ViewController.swift; sourceTree = "<group>"; };
		F77EC4F31C50067800E88B2C /* Base */ = {isa = PBXFileReference; lastKnownFileType = file.storyboard; name = Base; path = Base.lproj/Main.storyboard; sourceTree = "<group>"; };
		F77EC4F51C50067800E88B2C /* Assets.xcassets */ = {isa = PBXFileReference; lastKnownFileType = folder.assetcatalog; path = Assets.xcassets; sourceTree = "<group>"; };
		F77EC4F81C50067800E88B2C /* Base */ = {isa = PBXFileReference; lastKnownFileType = file.storyboard; name = Base; path = Base.lproj/LaunchScreen.storyboard; sourceTree = "<group>"; };
		F77EC4FA1C50067800E88B2C /* Info.plist */ = {isa = PBXFileReference; lastKnownFileType = text.plist.xml; path = Info.plist; sourceTree = "<group>"; };
/* End PBXFileReference section */

/* Begin PBXFrameworksBuildPhase section */
		F77EC4E81C50067800E88B2C /* Frameworks */ = {
			isa = PBXFrameworksBuildPhase;
			buildActionMask = 2147483647;
			files = (
			);
			runOnlyForDeploymentPostprocessing = 0;
		};
/* End PBXFrameworksBuildPhase section */

/* Begin PBXGroup section */
		F77EC4E21C50067800E88B2C = {
			isa = PBXGroup;
			children = (
				F77EC4ED1C50067800E88B2C /* FreedomTrailApp */,
				F77EC4EC1C50067800E88B2C /* Products */,
			);
			sourceTree = "<group>";
		};
		F77EC4EC1C50067800E88B2C /* Products */ = {
			isa = PBXGroup;
			children = (
				F77EC4EB1C50067800E88B2C /* FreedomTrailApp.app */,
			);
			name = Products;
			sourceTree = "<group>";
		};
		F77EC4ED1C50067800E88B2C /* FreedomTrailApp */ = {
			isa = PBXGroup;
			children = (
				F77EC4EE1C50067800E88B2C /* AppDelegate.swift */,
				F77EC4F01C50067800E88B2C /* ViewController.swift */,
				F77EC4F21C50067800E88B2C /* Main.storyboard */,
				F77EC4F51C50067800E88B2C /* Assets.xcassets */,
				F77EC4F71C50067800E88B2C /* LaunchScreen.storyboard */,
				F77EC4FA1C50067800E88B2C /* Info.plist */,
			);
			path = FreedomTrailApp;
			sourceTree = "<group>";
		};
/* End PBXGroup section */

/* Begin PBXNativeTarget section */
		F77EC4EA1C50067800E88B2C /* FreedomTrailApp */ = {
			isa = PBXNativeTarget;
			buildConfigurationList = F77EC4FD1C50067800E88B2C /* Build configuration list for PBXNativeTarget "FreedomTrailApp" */;
			buildPhases = (
				F77EC4E71C50067800E88B2C /* Sources */,
				F77EC4E81C50067800E88B2C /* Frameworks */,
				F77EC4E91C50067800E88B2C /* Resources */,
			);
			buildRules = (
			);
			dependencies = (
			);
			name = FreedomTrailApp;
			productName = FreedomTrailApp;
			productReference = F77EC4EB1C50067800E88B2C /* FreedomTrailApp.app */;
			productType = "com.apple.product-type.application";
		};
/* End PBXNativeTarget section */

/* Begin PBXProject section */
		F77EC4E31C50067800E88B2C /* Project object */ = {
			isa = PBXProject;
			attributes = {
				LastSwiftUpdateCheck = 0720;
				LastUpgradeCheck = 0720;
				ORGANIZATIONNAME = "Sam Mailand";
				TargetAttributes = {
					F77EC4EA1C50067800E88B2C = {
						CreatedOnToolsVersion = 7.2;
						DevelopmentTeam = CR8GZTEH8U;
					};
				};
			};
			buildConfigurationList = F77EC4E61C50067800E88B2C /* Build configuration list for PBXProject "FreedomTrailApp" */;
			compatibilityVersion = "Xcode 3.2";
			developmentRegion = English;
			hasScannedForEncodings = 0;
			knownRegions = (
				en,
				Base,
			);
			mainGroup = F77EC4E21C50067800E88B2C;
			productRefGroup = F77EC4EC1C50067800E88B2C /* Products */;
			projectDirPath = "";
			projectRoot = "";
			targets = (
				F77EC4EA1C50067800E88B2C /* FreedomTrailApp */,
			);
		};
/* End PBXProject section */

/* Begin PBXResourcesBuildPhase section */
		F77EC4E91C50067800E88B2C /* Resources */ = {
			isa = PBXResourcesBuildPhase;
			buildActionMask = 2147483647;
			files = (
				F77EC4F91C50067800E88B2C /* LaunchScreen.storyboard in Resources */,
				F77EC4F61C50067800E88B2C /* Assets.xcassets in Resources */,
				F77EC4F41C50067800E88B2C /* Main.storyboard in Resources */,
			);
			runOnlyForDeploymentPostprocessing = 0;
		};
/* End PBXResourcesBuildPhase section */

/* Begin PBXSourcesBuildPhase section */
		F77EC4E71C50067800E88B2C /* Sources */ = {
			isa = PBXSourcesBuildPhase;
			buildActionMask = 2147483647;
			files = (
				F77EC4F11C50067800E88B2C /* ViewController.swift in Sources */,
				F77EC4EF1C50067800E88B2C /* AppDelegate.swift in Sources */,
			);
			runOnlyForDeploymentPostprocessing = 0;
		};
/* End PBXSourcesBuildPhase section */

/* Begin PBXVariantGroup section */
		F77EC4F21C50067800E88B2C /* Main.storyboard */ = {
			isa = PBXVariantGroup;
			children = (
				F77EC4F31C50067800E88B2C /* Base */,
			);
			name = Main.storyboard;
			sourceTree = "<group>";
		};
		F77EC4F71C50067800E88B2C /* LaunchScreen.storyboard */ = {
			isa = PBXVariantGroup;
			children = (
				F77EC4F81C50067800E88B2C /* Base */,
			);
			name = LaunchScreen.storyboard;
			sourceTree = "<group>";
		};
/* End PBXVariantGroup section */

/* Begin XCBuildConfiguration section */
		F77EC4FB1C50067800E88B2C /* Debug */ = {
			isa = XCBuildConfiguration;
			buildSettings = {
				ALWAYS_SEARCH_USER_PATHS = NO;
				CLANG_CXX_LANGUAGE_STANDARD = "gnu++0x";
				CLANG_CXX_LIBRARY = "libc++";
				CLANG_ENABLE_MODULES = YES;
				CLANG_ENABLE_OBJC_ARC = YES;
				CLANG_WARN_BOOL_CONVERSION = YES;
				CLANG_WARN_CONSTANT_CONVERSION = YES;
				CLANG_WARN_DIRECT_OBJC_ISA_USAGE = YES_ERROR;
				CLANG_WARN_EMPTY_BODY = YES;
				CLANG_WARN_ENUM_CONVERSION = YES;
				CLANG_WARN_INT_CONVERSION = YES;
				CLANG_WARN_OBJC_ROOT_CLASS = YES_ERROR;
				CLANG_WARN_UNREACHABLE_CODE = YES;
				CLANG_WARN__DUPLICATE_METHOD_MATCH = YES;
				"CODE_SIGN_IDENTITY[sdk=iphoneos*]" = "iPhone Developer";
				COPY_PHASE_STRIP = NO;
				DEBUG_INFORMATION_FORMAT = dwarf;
				ENABLE_STRICT_OBJC_MSGSEND = YES;
				ENABLE_TESTABILITY = YES;
				GCC_C_LANGUAGE_STANDARD = gnu99;
				GCC_DYNAMIC_NO_PIC = NO;
				GCC_NO_COMMON_BLOCKS = YES;
				GCC_OPTIMIZATION_LEVEL = 0;
				GCC_PREPROCESSOR_DEFINITIONS = (
					"DEBUG=1",
					"$(inherited)",
				);
				GCC_WARN_64_TO_32_BIT_CONVERSION = YES;
				GCC_WARN_ABOUT_RETURN_TYPE = YES_ERROR;
				GCC_WARN_UNDECLARED_SELECTOR = YES;
				GCC_WARN_UNINITIALIZED_AUTOS = YES_AGGRESSIVE;
				GCC_WARN_UNUSED_FUNCTION = YES;
				GCC_WARN_UNUSED_VARIABLE = YES;
				IPHONEOS_DEPLOYMENT_TARGET = 9.2;
				MTL_ENABLE_DEBUG_INFO = YES;
				ONLY_ACTIVE_ARCH = YES;
				SDKROOT = iphoneos;
				SWIFT_OPTIMIZATION_LEVEL = "-Onone";
			};
			name = Debug;
		};
		F77EC4FC1C50067800E88B2C /* Release */ = {
			isa = XCBuildConfiguration;
			buildSettings = {
				ALWAYS_SEARCH_USER_PATHS = NO;
				CLANG_CXX_LANGUAGE_STANDARD = "gnu++0x";
				CLANG_CXX_LIBRARY = "libc++";
				CLANG_ENABLE_MODULES = YES;
				CLANG_ENABLE_OBJC_ARC = YES;
				CLANG_WARN_BOOL_CONVERSION = YES;
				CLANG_WARN_CONSTANT_CONVERSION = YES;
				CLANG_WARN_DIRECT_OBJC_ISA_USAGE = YES_ERROR;
				CLANG_WARN_EMPTY_BODY = YES;
				CLANG_WARN_ENUM_CONVERSION = YES;
				CLANG_WARN_INT_CONVERSION = YES;
				CLANG_WARN_OBJC_ROOT_CLASS = YES_ERROR;
				CLANG_WARN_UNREACHABLE_CODE = YES;
				CLANG_WARN__DUPLICATE_METHOD_MATCH = YES;
				"CODE_SIGN_IDENTITY[sdk=iphoneos*]" = "iPhone Developer";
				COPY_PHASE_STRIP = NO;
				DEBUG_INFORMATION_FORMAT = "dwarf-with-dsym";
				ENABLE_NS_ASSERTIONS = NO;
				ENABLE_STRICT_OBJC_MSGSEND = YES;
				GCC_C_LANGUAGE_STANDARD = gnu99;
				GCC_NO_COMMON_BLOCKS = YES;
				GCC_WARN_64_TO_32_BIT_CONVERSION = YES;
				GCC_WARN_ABOUT_RETURN_TYPE = YES_ERROR;
				GCC_WARN_UNDECLARED_SELECTOR = YES;
				GCC_WARN_UNINITIALIZED_AUTOS = YES_AGGRESSIVE;
				GCC_WARN_UNUSED_FUNCTION = YES;
				GCC_WARN_UNUSED_VARIABLE = YES;
				IPHONEOS_DEPLOYMENT_TARGET = 9.2;
				MTL_ENABLE_DEBUG_INFO = NO;
				SDKROOT = iphoneos;
				VALIDATE_PRODUCT = YES;
			};
			name = Release;
		};
		F77EC4FE1C50067800E88B2C /* Debug */ = {
			isa = XCBuildConfiguration;
			buildSettings = {
				ASSETCATALOG_COMPILER_APPICON_NAME = AppIcon;
				CODE_SIGN_IDENTITY = "iPhone Developer";
				"CODE_SIGN_IDENTITY[sdk=iphoneos*]" = "iPhone Developer";
				INFOPLIST_FILE = FreedomTrailApp/Info.plist;
				LD_RUNPATH_SEARCH_PATHS = "$(inherited) @executable_path/Frameworks";
				PRODUCT_BUNDLE_IDENTIFIER = smailand.FreedomTrailApp;
				PRODUCT_NAME = "$(TARGET_NAME)";
				PROVISIONING_PROFILE = "";
			};
			name = Debug;
		};
		F77EC4FF1C50067800E88B2C /* Release */ = {
			isa = XCBuildConfiguration;
			buildSettings = {
				ASSETCATALOG_COMPILER_APPICON_NAME = AppIcon;
				CODE_SIGN_IDENTITY = "iPhone Developer";
				"CODE_SIGN_IDENTITY[sdk=iphoneos*]" = "iPhone Developer";
				INFOPLIST_FILE = FreedomTrailApp/Info.plist;
				LD_RUNPATH_SEARCH_PATHS = "$(inherited) @executable_path/Frameworks";
				PRODUCT_BUNDLE_IDENTIFIER = smailand.FreedomTrailApp;
				PRODUCT_NAME = "$(TARGET_NAME)";
				PROVISIONING_PROFILE = "";
			};
			name = Release;
		};
/* End XCBuildConfiguration section */

/* Begin XCConfigurationList section */
		F77EC4E61C50067800E88B2C /* Build configuration list for PBXProject "FreedomTrailApp" */ = {
			isa = XCConfigurationList;
			buildConfigurations = (
				F77EC4FB1C50067800E88B2C /* Debug */,
				F77EC4FC1C50067800E88B2C /* Release */,
			);
			defaultConfigurationIsVisible = 0;
			defaultConfigurationName = Release;
		};
		F77EC4FD1C50067800E88B2C /* Build configuration list for PBXNativeTarget "FreedomTrailApp" */ = {
			isa = XCConfigurationList;
			buildConfigurations = (
				F77EC4FE1C50067800E88B2C /* Debug */,
				F77EC4FF1C50067800E88B2C /* Release */,
			);
			defaultConfigurationIsVisible = 0;
		};
/* End XCConfigurationList section */
	};
	rootObject = F77EC4E31C50067800E88B2C /* Project object */;
}
